
Microsoft Visual Studio Solution File, Format Version 12.00
# Visual Studio Version 16
VisualStudioVersion = 16.0.30611.23
MinimumVisualStudioVersion = 10.0.40219.1
Project("{FAE04EC0-301F-11D3-BF4B-00C04F79EFBC}") = "Microsimulation", "Microsimulation\Microsimulation.csproj", "{E707C28B-FA58-4246-A359-C854465BBAD3}"
EndProject
Global
	GlobalSection(SolutionConfigurationPlatforms) = preSolution
		Debug|Any CPU = Debug|Any CPU
		Release|Any CPU = Release|Any CPU
	EndGlobalSection
	GlobalSection(ProjectConfigurationPlatforms) = postSolution
		{E707C28B-FA58-4246-A359-C854465BBAD3}.Debug|Any CPU.ActiveCfg = Debug|Any CPU
		{E707C28B-FA58-4246-A359-C854465BBAD3}.Debug|Any CPU.Build.0 = Debug|Any CPU
		{E707C28B-FA58-4246-A359-C854465BBAD3}.Release|Any CPU.ActiveCfg = Release|Any CPU
		{E707C28B-FA58-4246-A359-C854465BBAD3}.Release|Any CPU.Build.0 = Release|Any CPU
	EndGlobalSection
	GlobalSection(SolutionProperties) = preSolution
		HideSolutionNode = FALSE
	EndGlobalSection
	GlobalSection(ExtensibilityGlobals) = postSolution
		SolutionGuid = {3A48B17E-1654-41B4-AB93-65D190B829E2}
	EndGlobalSection
EndGlobal
