
Microsoft Visual Studio Solution File, Format Version 12.00
# Visual Studio Version 16
VisualStudioVersion = 16.0.30523.141
MinimumVisualStudioVersion = 10.0.40219.1
Project("{FAE04EC0-301F-11D3-BF4B-00C04F79EFBC}") = "ValueAtRisk", "ValueAtRisk\ValueAtRisk.csproj", "{A7876D52-1DAC-4727-BCB0-D81C8ECEB4F9}"
EndProject
Global
	GlobalSection(SolutionConfigurationPlatforms) = preSolution
		Debug|Any CPU = Debug|Any CPU
		Release|Any CPU = Release|Any CPU
	EndGlobalSection
	GlobalSection(ProjectConfigurationPlatforms) = postSolution
		{A7876D52-1DAC-4727-BCB0-D81C8ECEB4F9}.Debug|Any CPU.ActiveCfg = Debug|Any CPU
		{A7876D52-1DAC-4727-BCB0-D81C8ECEB4F9}.Debug|Any CPU.Build.0 = Debug|Any CPU
		{A7876D52-1DAC-4727-BCB0-D81C8ECEB4F9}.Release|Any CPU.ActiveCfg = Release|Any CPU
		{A7876D52-1DAC-4727-BCB0-D81C8ECEB4F9}.Release|Any CPU.Build.0 = Release|Any CPU
	EndGlobalSection
	GlobalSection(SolutionProperties) = preSolution
		HideSolutionNode = FALSE
	EndGlobalSection
	GlobalSection(ExtensibilityGlobals) = postSolution
		SolutionGuid = {215A2D02-F622-4811-BEF0-2C5462F4C3EC}
	EndGlobalSection
EndGlobal
