
Microsoft Visual Studio Solution File, Format Version 12.00
# Visual Studio Version 16
VisualStudioVersion = 16.0.30717.126
MinimumVisualStudioVersion = 10.0.40219.1
Project("{FAE04EC0-301F-11D3-BF4B-00C04F79EFBC}") = "WorldsHardestGame", "WorldsHardestGame\WorldsHardestGame.csproj", "{35388F4D-ACB7-43C8-AD33-88AEEF79779A}"
EndProject
Global
	GlobalSection(SolutionConfigurationPlatforms) = preSolution
		Debug|Any CPU = Debug|Any CPU
		Release|Any CPU = Release|Any CPU
	EndGlobalSection
	GlobalSection(ProjectConfigurationPlatforms) = postSolution
		{35388F4D-ACB7-43C8-AD33-88AEEF79779A}.Debug|Any CPU.ActiveCfg = Debug|Any CPU
		{35388F4D-ACB7-43C8-AD33-88AEEF79779A}.Debug|Any CPU.Build.0 = Debug|Any CPU
		{35388F4D-ACB7-43C8-AD33-88AEEF79779A}.Release|Any CPU.ActiveCfg = Release|Any CPU
		{35388F4D-ACB7-43C8-AD33-88AEEF79779A}.Release|Any CPU.Build.0 = Release|Any CPU
	EndGlobalSection
	GlobalSection(SolutionProperties) = preSolution
		HideSolutionNode = FALSE
	EndGlobalSection
	GlobalSection(ExtensibilityGlobals) = postSolution
		SolutionGuid = {0C528A07-385C-4627-9CD1-0541640C96D5}
	EndGlobalSection
EndGlobal
